
Microsoft Visual Studio Solution File, Format Version 12.00
# Visual Studio 15
VisualStudioVersion = 15.0.28307.645
MinimumVisualStudioVersion = 10.0.40219.1
Project("{FAE04EC0-301F-11D3-BF4B-00C04F79EFBC}") = "Exception Handling", "Exception Handling\Exception Handling.csproj", "{F3A0BF45-AC4F-488C-B835-DC331D139EF0}"
EndProject
Global
	GlobalSection(SolutionConfigurationPlatforms) = preSolution
		Debug|Any CPU = Debug|Any CPU
		Release|Any CPU = Release|Any CPU
	EndGlobalSection
	GlobalSection(ProjectConfigurationPlatforms) = postSolution
		{F3A0BF45-AC4F-488C-B835-DC331D139EF0}.Debug|Any CPU.ActiveCfg = Debug|Any CPU
		{F3A0BF45-AC4F-488C-B835-DC331D139EF0}.Debug|Any CPU.Build.0 = Debug|Any CPU
		{F3A0BF45-AC4F-488C-B835-DC331D139EF0}.Release|Any CPU.ActiveCfg = Release|Any CPU
		{F3A0BF45-AC4F-488C-B835-DC331D139EF0}.Release|Any CPU.Build.0 = Release|Any CPU
	EndGlobalSection
	GlobalSection(SolutionProperties) = preSolution
		HideSolutionNode = FALSE
	EndGlobalSection
	GlobalSection(ExtensibilityGlobals) = postSolution
		SolutionGuid = {E4EF65DE-07C7-4C3D-9336-C9EABD7B789A}
	EndGlobalSection
EndGlobal
